// !$*UTF8*$!
{
	archiveVersion = 1;
	classes = {
	};
	objectVersion = 77;
	objects = {

/* Begin PBXBuildFile section */
		D4EDCC472F9643B4002D980A /* FluxCore in Frameworks */ = {isa = PBXBuildFile; productRef = D4EDCC462F9643B4002D980A /* FluxCore */; };
		D4EDCC4A2F9643D0002D980A /* FluxCore in Frameworks */ = {isa = PBXBuildFile; productRef = D4EDCC492F9643D0002D980A /* FluxCore */; };
		D4EDCCE42F9648E5002D980A /* WidgetKit.framework in Frameworks */ = {isa = PBXBuildFile; fileRef = D4EDCC502F96448C002D980A /* WidgetKit.framework */; };
		D4EDCCE52F9648E5002D980A /* SwiftUI.framework in Frameworks */ = {isa = PBXBuildFile; fileRef = D4EDCC522F96448C002D980A /* SwiftUI.framework */; };
		D4EDCCF42F9648E6002D980A /* FluxWidgetsExtension.appex in Embed Foundation Extensions */ = {isa = PBXBuildFile; fileRef = D4EDCCE32F9648E5002D980A /* FluxWidgetsExtension.appex */; settings = {ATTRIBUTES = (RemoveHeadersOnCopy, ); }; };
		D4EDCD062F9648EE002D980A /* FluxCore in Frameworks */ = {isa = PBXBuildFile; productRef = D4EDCD052F9648EE002D980A /* FluxCore */; };
/* End PBXBuildFile section */

/* Begin PBXContainerItemProxy section */
		D4EDCADB2F8FAE60002D980A /* PBXContainerItemProxy */ = {
			isa = PBXContainerItemProxy;
			containerPortal = D4EDCAC12F8FAE5E002D980A /* Project object */;
			proxyType = 1;
			remoteGlobalIDString = D4EDCAC82F8FAE5E002D980A;
			remoteInfo = Flux;
		};
		D4EDCAE52F8FAE60002D980A /* PBXContainerItemProxy */ = {
			isa = PBXContainerItemProxy;
			containerPortal = D4EDCAC12F8FAE5E002D980A /* Project object */;
			proxyType = 1;
			remoteGlobalIDString = D4EDCAC82F8FAE5E002D980A;
			remoteInfo = Flux;
		};
		D4EDCCF22F9648E6002D980A /* PBXContainerItemProxy */ = {
			isa = PBXContainerItemProxy;
			containerPortal = D4EDCAC12F8FAE5E002D980A /* Project object */;
			proxyType = 1;
			remoteGlobalIDString = D4EDCCE22F9648E5002D980A;
			remoteInfo = FluxWidgetsExtension;
		};
/* End PBXContainerItemProxy section */

/* Begin PBXCopyFilesBuildPhase section */
		D4EDCC672F96448D002D980A /* Embed Foundation Extensions */ = {
			isa = PBXCopyFilesBuildPhase;
			buildActionMask = 2147483647;
			dstPath = "";
			dstSubfolderSpec = 13;
			files = (
				D4EDCCF42F9648E6002D980A /* FluxWidgetsExtension.appex in Embed Foundation Extensions */,
			);
			name = "Embed Foundation Extensions";
			runOnlyForDeploymentPostprocessing = 0;
		};
/* End PBXCopyFilesBuildPhase section */

/* Begin PBXFileReference section */
		D4EDCAC92F8FAE5E002D980A /* Flux.app */ = {isa = PBXFileReference; explicitFileType = wrapper.application; includeInIndex = 0; path = Flux.app; sourceTree = BUILT_PRODUCTS_DIR; };
		D4EDCADA2F8FAE60002D980A /* FluxTests.xctest */ = {isa = PBXFileReference; explicitFileType = wrapper.cfbundle; includeInIndex = 0; path = FluxTests.xctest; sourceTree = BUILT_PRODUCTS_DIR; };
		D4EDCAE42F8FAE60002D980A /* FluxUITests.xctest */ = {isa = PBXFileReference; explicitFileType = wrapper.cfbundle; includeInIndex = 0; path = FluxUITests.xctest; sourceTree = BUILT_PRODUCTS_DIR; };
		D4EDCC502F96448C002D980A /* WidgetKit.framework */ = {isa = PBXFileReference; lastKnownFileType = wrapper.framework; name = WidgetKit.framework; path = System/Library/Frameworks/WidgetKit.framework; sourceTree = SDKROOT; };
		D4EDCC522F96448C002D980A /* SwiftUI.framework */ = {isa = PBXFileReference; lastKnownFileType = wrapper.framework; name = SwiftUI.framework; path = System/Library/Frameworks/SwiftUI.framework; sourceTree = SDKROOT; };
		D4EDCCE32F9648E5002D980A /* FluxWidgetsExtension.appex */ = {isa = PBXFileReference; explicitFileType = "wrapper.app-extension"; includeInIndex = 0; path = FluxWidgetsExtension.appex; sourceTree = BUILT_PRODUCTS_DIR; };
		D4EDCD072F9649BC002D980A /* FluxWidgetsExtension.entitlements */ = {isa = PBXFileReference; lastKnownFileType = text.plist.entitlements; path = FluxWidgetsExtension.entitlements; sourceTree = "<group>"; };
/* End PBXFileReference section */

/* Begin PBXFileSystemSynchronizedBuildFileExceptionSet section */
		D4EDCAEC2F8FAE60002D980A /* Exceptions for "Flux" folder in "Flux" target */ = {
			isa = PBXFileSystemSynchronizedBuildFileExceptionSet;
			membershipExceptions = (
				Info.plist,
			);
			target = D4EDCAC82F8FAE5E002D980A /* Flux */;
		};
		D4EDCCF82F9648E6002D980A /* Exceptions for "FluxWidgets" folder in "FluxWidgetsExtension" target */ = {
			isa = PBXFileSystemSynchronizedBuildFileExceptionSet;
			membershipExceptions = (
				Info.plist,
			);
			target = D4EDCCE22F9648E5002D980A /* FluxWidgetsExtension */;
		};
/* End PBXFileSystemSynchronizedBuildFileExceptionSet section */

/* Begin PBXFileSystemSynchronizedRootGroup section */
		D4EDCACB2F8FAE5E002D980A /* Flux */ = {
			isa = PBXFileSystemSynchronizedRootGroup;
			exceptions = (
				D4EDCAEC2F8FAE60002D980A /* Exceptions for "Flux" folder in "Flux" target */,
			);
			path = Flux;
			sourceTree = "<group>";
		};
		D4EDCADD2F8FAE60002D980A /* FluxTests */ = {
			isa = PBXFileSystemSynchronizedRootGroup;
			path = FluxTests;
			sourceTree = "<group>";
		};
		D4EDCAE72F8FAE60002D980A /* FluxUITests */ = {
			isa = PBXFileSystemSynchronizedRootGroup;
			path = FluxUITests;
			sourceTree = "<group>";
		};
		D4EDCC542F96448C002D980A /* FluxWidgets */ = {
			isa = PBXFileSystemSynchronizedRootGroup;
			path = FluxWidgets;
			sourceTree = "<group>";
		};
		D4EDCCE62F9648E5002D980A /* FluxWidgets */ = {
			isa = PBXFileSystemSynchronizedRootGroup;
			exceptions = (
				D4EDCCF82F9648E6002D980A /* Exceptions for "FluxWidgets" folder in "FluxWidgetsExtension" target */,
			);
			path = FluxWidgets;
			sourceTree = "<group>";
		};
/* End PBXFileSystemSynchronizedRootGroup section */

/* Begin PBXFrameworksBuildPhase section */
		D4EDCAC62F8FAE5E002D980A /* Frameworks */ = {
			isa = PBXFrameworksBuildPhase;
			buildActionMask = 2147483647;
			files = (
				D4EDCC472F9643B4002D980A /* FluxCore in Frameworks */,
			);
			runOnlyForDeploymentPostprocessing = 0;
		};
		D4EDCAD72F8FAE60002D980A /* Frameworks */ = {
			isa = PBXFrameworksBuildPhase;
			buildActionMask = 2147483647;
			files = (
				D4EDCC4A2F9643D0002D980A /* FluxCore in Frameworks */,
			);
			runOnlyForDeploymentPostprocessing = 0;
		};
		D4EDCAE12F8FAE60002D980A /* Frameworks */ = {
			isa = PBXFrameworksBuildPhase;
			buildActionMask = 2147483647;
			files = (
			);
			runOnlyForDeploymentPostprocessing = 0;
		};
		D4EDCCE02F9648E5002D980A /* Frameworks */ = {
			isa = PBXFrameworksBuildPhase;
			buildActionMask = 2147483647;
			files = (
				D4EDCCE52F9648E5002D980A /* SwiftUI.framework in Frameworks */,
				D4EDCD062F9648EE002D980A /* FluxCore in Frameworks */,
				D4EDCCE42F9648E5002D980A /* WidgetKit.framework in Frameworks */,
			);
			runOnlyForDeploymentPostprocessing = 0;
		};
/* End PBXFrameworksBuildPhase section */

/* Begin PBXGroup section */
		D4EDCAC02F8FAE5E002D980A = {
			isa = PBXGroup;
			children = (
				D4EDCD072F9649BC002D980A /* FluxWidgetsExtension.entitlements */,
				D4EDCACB2F8FAE5E002D980A /* Flux */,
				D4EDCADD2F8FAE60002D980A /* FluxTests */,
				D4EDCAE72F8FAE60002D980A /* FluxUITests */,
				D4EDCC542F96448C002D980A /* FluxWidgets */,
				D4EDCCE62F9648E5002D980A /* FluxWidgets */,
				D4EDCC482F9643D0002D980A /* Frameworks */,
				D4EDCACA2F8FAE5E002D980A /* Products */,
			);
			sourceTree = "<group>";
		};
		D4EDCACA2F8FAE5E002D980A /* Products */ = {
			isa = PBXGroup;
			children = (
				D4EDCAC92F8FAE5E002D980A /* Flux.app */,
				D4EDCADA2F8FAE60002D980A /* FluxTests.xctest */,
				D4EDCAE42F8FAE60002D980A /* FluxUITests.xctest */,
				D4EDCCE32F9648E5002D980A /* FluxWidgetsExtension.appex */,
			);
			name = Products;
			sourceTree = "<group>";
		};
		D4EDCC482F9643D0002D980A /* Frameworks */ = {
			isa = PBXGroup;
			children = (
				D4EDCC502F96448C002D980A /* WidgetKit.framework */,
				D4EDCC522F96448C002D980A /* SwiftUI.framework */,
			);
			name = Frameworks;
			sourceTree = "<group>";
		};
/* End PBXGroup section */

/* Begin PBXNativeTarget section */
		D4EDCAC82F8FAE5E002D980A /* Flux */ = {
			isa = PBXNativeTarget;
			buildConfigurationList = D4EDCAED2F8FAE60002D980A /* Build configuration list for PBXNativeTarget "Flux" */;
			buildPhases = (
				D4EDCAC52F8FAE5E002D980A /* Sources */,
				D4EDCAC62F8FAE5E002D980A /* Frameworks */,
				D4EDCAC72F8FAE5E002D980A /* Resources */,
				D4EDCC672F96448D002D980A /* Embed Foundation Extensions */,
			);
			buildRules = (
			);
			dependencies = (
				D4EDCCF32F9648E6002D980A /* PBXTargetDependency */,
			);
			fileSystemSynchronizedGroups = (
				D4EDCACB2F8FAE5E002D980A /* Flux */,
			);
			name = Flux;
			packageProductDependencies = (
				D4EDCC462F9643B4002D980A /* FluxCore */,
			);
			productName = Flux;
			productReference = D4EDCAC92F8FAE5E002D980A /* Flux.app */;
			productType = "com.apple.product-type.application";
		};
		D4EDCAD92F8FAE60002D980A /* FluxTests */ = {
			isa = PBXNativeTarget;
			buildConfigurationList = D4EDCAF22F8FAE60002D980A /* Build configuration list for PBXNativeTarget "FluxTests" */;
			buildPhases = (
				D4EDCAD62F8FAE60002D980A /* Sources */,
				D4EDCAD72F8FAE60002D980A /* Frameworks */,
				D4EDCAD82F8FAE60002D980A /* Resources */,
			);
			buildRules = (
			);
			dependencies = (
				D4EDCADC2F8FAE60002D980A /* PBXTargetDependency */,
			);
			fileSystemSynchronizedGroups = (
				D4EDCADD2F8FAE60002D980A /* FluxTests */,
			);
			name = FluxTests;
			packageProductDependencies = (
				D4EDCC492F9643D0002D980A /* FluxCore */,
			);
			productName = FluxTests;
			productReference = D4EDCADA2F8FAE60002D980A /* FluxTests.xctest */;
			productType = "com.apple.product-type.bundle.unit-test";
		};
		D4EDCAE32F8FAE60002D980A /* FluxUITests */ = {
			isa = PBXNativeTarget;
			buildConfigurationList = D4EDCAF52F8FAE60002D980A /* Build configuration list for PBXNativeTarget "FluxUITests" */;
			buildPhases = (
				D4EDCAE02F8FAE60002D980A /* Sources */,
				D4EDCAE12F8FAE60002D980A /* Frameworks */,
				D4EDCAE22F8FAE60002D980A /* Resources */,
			);
			buildRules = (
			);
			dependencies = (
				D4EDCAE62F8FAE60002D980A /* PBXTargetDependency */,
			);
			fileSystemSynchronizedGroups = (
				D4EDCAE72F8FAE60002D980A /* FluxUITests */,
			);
			name = FluxUITests;
			packageProductDependencies = (
			);
			productName = FluxUITests;
			productReference = D4EDCAE42F8FAE60002D980A /* FluxUITests.xctest */;
			productType = "com.apple.product-type.bundle.ui-testing";
		};
		D4EDCCE22F9648E5002D980A /* FluxWidgetsExtension */ = {
			isa = PBXNativeTarget;
			buildConfigurationList = D4EDCCF52F9648E6002D980A /* Build configuration list for PBXNativeTarget "FluxWidgetsExtension" */;
			buildPhases = (
				D4EDCCDF2F9648E5002D980A /* Sources */,
				D4EDCCE02F9648E5002D980A /* Frameworks */,
				D4EDCCE12F9648E5002D980A /* Resources */,
			);
			buildRules = (
			);
			dependencies = (
			);
			fileSystemSynchronizedGroups = (
				D4EDCCE62F9648E5002D980A /* FluxWidgets */,
			);
			name = FluxWidgetsExtension;
			packageProductDependencies = (
				D4EDCD052F9648EE002D980A /* FluxCore */,
			);
			productName = FluxWidgetsExtension;
			productReference = D4EDCCE32F9648E5002D980A /* FluxWidgetsExtension.appex */;
			productType = "com.apple.product-type.app-extension";
		};
/* End PBXNativeTarget section */

/* Begin PBXProject section */
		D4EDCAC12F8FAE5E002D980A /* Project object */ = {
			isa = PBXProject;
			attributes = {
				BuildIndependentTargetsInParallel = 1;
				LastSwiftUpdateCheck = 2640;
				LastUpgradeCheck = 2640;
				TargetAttributes = {
					D4EDCAC82F8FAE5E002D980A = {
						CreatedOnToolsVersion = 26.4;
					};
					D4EDCAD92F8FAE60002D980A = {
						CreatedOnToolsVersion = 26.4;
						TestTargetID = D4EDCAC82F8FAE5E002D980A;
					};
					D4EDCAE32F8FAE60002D980A = {
						CreatedOnToolsVersion = 26.4;
						TestTargetID = D4EDCAC82F8FAE5E002D980A;
					};
					D4EDCCE22F9648E5002D980A = {
						CreatedOnToolsVersion = 26.4;
					};
				};
			};
			buildConfigurationList = D4EDCAC42F8FAE5E002D980A /* Build configuration list for PBXProject "Flux" */;
			developmentRegion = en;
			hasScannedForEncodings = 0;
			knownRegions = (
				en,
				Base,
			);
			mainGroup = D4EDCAC02F8FAE5E002D980A;
			minimizedProjectReferenceProxies = 1;
			packageReferences = (
				D4EDCC452F9643B4002D980A /* XCLocalSwiftPackageReference "Packages/FluxCore" */,
			);
			preferredProjectObjectVersion = 77;
			productRefGroup = D4EDCACA2F8FAE5E002D980A /* Products */;
			projectDirPath = "";
			projectRoot = "";
			targets = (
				D4EDCAC82F8FAE5E002D980A /* Flux */,
				D4EDCAD92F8FAE60002D980A /* FluxTests */,
				D4EDCAE32F8FAE60002D980A /* FluxUITests */,
				D4EDCCE22F9648E5002D980A /* FluxWidgetsExtension */,
			);
		};
/* End PBXProject section */

/* Begin PBXResourcesBuildPhase section */
		D4EDCAC72F8FAE5E002D980A /* Resources */ = {
			isa = PBXResourcesBuildPhase;
			buildActionMask = 2147483647;
			files = (
			);
			runOnlyForDeploymentPostprocessing = 0;
		};
		D4EDCAD82F8FAE60002D980A /* Resources */ = {
			isa = PBXResourcesBuildPhase;
			buildActionMask = 2147483647;
			files = (
			);
			runOnlyForDeploymentPostprocessing = 0;
		};
		D4EDCAE22F8FAE60002D980A /* Resources */ = {
			isa = PBXResourcesBuildPhase;
			buildActionMask = 2147483647;
			files = (
			);
			runOnlyForDeploymentPostprocessing = 0;
		};
		D4EDCCE12F9648E5002D980A /* Resources */ = {
			isa = PBXResourcesBuildPhase;
			buildActionMask = 2147483647;
			files = (
			);
			runOnlyForDeploymentPostprocessing = 0;
		};
/* End PBXResourcesBuildPhase section */

/* Begin PBXSourcesBuildPhase section */
		D4EDCAC52F8FAE5E002D980A /* Sources */ = {
			isa = PBXSourcesBuildPhase;
			buildActionMask = 2147483647;
			files = (
			);
			runOnlyForDeploymentPostprocessing = 0;
		};
		D4EDCAD62F8FAE60002D980A /* Sources */ = {
			isa = PBXSourcesBuildPhase;
			buildActionMask = 2147483647;
			files = (
			);
			runOnlyForDeploymentPostprocessing = 0;
		};
		D4EDCAE02F8FAE60002D980A /* Sources */ = {
			isa = PBXSourcesBuildPhase;
			buildActionMask = 2147483647;
			files = (
			);
			runOnlyForDeploymentPostprocessing = 0;
		};
		D4EDCCDF2F9648E5002D980A /* Sources */ = {
			isa = PBXSourcesBuildPhase;
			buildActionMask = 2147483647;
			files = (
			);
			runOnlyForDeploymentPostprocessing = 0;
		};
/* End PBXSourcesBuildPhase section */

/* Begin PBXTargetDependency section */
		D4EDCADC2F8FAE60002D980A /* PBXTargetDependency */ = {
			isa = PBXTargetDependency;
			target = D4EDCAC82F8FAE5E002D980A /* Flux */;
			targetProxy = D4EDCADB2F8FAE60002D980A /* PBXContainerItemProxy */;
		};
		D4EDCAE62F8FAE60002D980A /* PBXTargetDependency */ = {
			isa = PBXTargetDependency;
			target = D4EDCAC82F8FAE5E002D980A /* Flux */;
			targetProxy = D4EDCAE52F8FAE60002D980A /* PBXContainerItemProxy */;
		};
		D4EDCCF32F9648E6002D980A /* PBXTargetDependency */ = {
			isa = PBXTargetDependency;
			target = D4EDCCE22F9648E5002D980A /* FluxWidgetsExtension */;
			targetProxy = D4EDCCF22F9648E6002D980A /* PBXContainerItemProxy */;
		};
/* End PBXTargetDependency section */

/* Begin XCBuildConfiguration section */
		D4EDCAEE2F8FAE60002D980A /* Debug */ = {
			isa = XCBuildConfiguration;
			buildSettings = {
				ASSETCATALOG_COMPILER_APPICON_NAME = AppIcon;
				ASSETCATALOG_COMPILER_GLOBAL_ACCENT_COLOR_NAME = AccentColor;
				CODE_SIGN_ENTITLEMENTS = Flux/Flux.entitlements;
				CODE_SIGN_STYLE = Automatic;
				CURRENT_PROJECT_VERSION = 1;
				DEVELOPMENT_TEAM = V24684SCZN;
				ENABLE_APP_SANDBOX = YES;
				ENABLE_HARDENED_RUNTIME = YES;
				ENABLE_PREVIEWS = YES;
				ENABLE_USER_SELECTED_FILES = readonly;
				GENERATE_INFOPLIST_FILE = YES;
				INFOPLIST_FILE = Flux/Info.plist;
				INFOPLIST_KEY_CFBundleDisplayName = Flux;
				INFOPLIST_KEY_LSApplicationCategoryType = "public.app-category.utilities";
				"INFOPLIST_KEY_UIApplicationSceneManifest_Generation[sdk=iphoneos*]" = YES;
				"INFOPLIST_KEY_UIApplicationSceneManifest_Generation[sdk=iphonesimulator*]" = YES;
				"INFOPLIST_KEY_UIApplicationSupportsIndirectInputEvents[sdk=iphoneos*]" = YES;
				"INFOPLIST_KEY_UIApplicationSupportsIndirectInputEvents[sdk=iphonesimulator*]" = YES;
				"INFOPLIST_KEY_UILaunchScreen_Generation[sdk=iphoneos*]" = YES;
				"INFOPLIST_KEY_UILaunchScreen_Generation[sdk=iphonesimulator*]" = YES;
				"INFOPLIST_KEY_UIStatusBarStyle[sdk=iphoneos*]" = UIStatusBarStyleDefault;
				"INFOPLIST_KEY_UIStatusBarStyle[sdk=iphonesimulator*]" = UIStatusBarStyleDefault;
				INFOPLIST_KEY_UISupportedInterfaceOrientations_iPad = "UIInterfaceOrientationPortrait UIInterfaceOrientationPortraitUpsideDown UIInterfaceOrientationLandscapeLeft UIInterfaceOrientationLandscapeRight";
				INFOPLIST_KEY_UISupportedInterfaceOrientations_iPhone = "UIInterfaceOrientationPortrait UIInterfaceOrientationLandscapeLeft UIInterfaceOrientationLandscapeRight";
				IPHONEOS_DEPLOYMENT_TARGET = 26.0;
				LD_RUNPATH_SEARCH_PATHS = "@executable_path/Frameworks";
				"LD_RUNPATH_SEARCH_PATHS[sdk=macosx*]" = "@executable_path/../Frameworks";
				MACOSX_DEPLOYMENT_TARGET = 26.4;
				MARKETING_VERSION = 1.0;
				PRODUCT_BUNDLE_IDENTIFIER = me.nore.ig.Flux;
				PRODUCT_NAME = "$(TARGET_NAME)";
				REGISTER_APP_GROUPS = YES;
				SDKROOT = auto;
				STRING_CATALOG_GENERATE_SYMBOLS = YES;
				SUPPORTED_PLATFORMS = "iphoneos iphonesimulator macosx xros xrsimulator";
				SWIFT_APPROACHABLE_CONCURRENCY = YES;
				SWIFT_DEFAULT_ACTOR_ISOLATION = MainActor;
				SWIFT_EMIT_LOC_STRINGS = YES;
				SWIFT_UPCOMING_FEATURE_MEMBER_IMPORT_VISIBILITY = YES;
				SWIFT_VERSION = 5.0;
				TARGETED_DEVICE_FAMILY = "1,2,7";
				XROS_DEPLOYMENT_TARGET = 26.4;
			};
			name = Debug;
		};
		D4EDCAEF2F8FAE60002D980A /* Release */ = {
			isa = XCBuildConfiguration;
			buildSettings = {
				ASSETCATALOG_COMPILER_APPICON_NAME = AppIcon;
				ASSETCATALOG_COMPILER_GLOBAL_ACCENT_COLOR_NAME = AccentColor;
				CODE_SIGN_ENTITLEMENTS = Flux/Flux.entitlements;
				CODE_SIGN_STYLE = Automatic;
				CURRENT_PROJECT_VERSION = 1;
				DEVELOPMENT_TEAM = V24684SCZN;
				ENABLE_APP_SANDBOX = YES;
				ENABLE_HARDENED_RUNTIME = YES;
				ENABLE_PREVIEWS = YES;
				ENABLE_USER_SELECTED_FILES = readonly;
				GENERATE_INFOPLIST_FILE = YES;
				INFOPLIST_FILE = Flux/Info.plist;
				INFOPLIST_KEY_CFBundleDisplayName = Flux;
				INFOPLIST_KEY_LSApplicationCategoryType = "public.app-category.utilities";
				"INFOPLIST_KEY_UIApplicationSceneManifest_Generation[sdk=iphoneos*]" = YES;
				"INFOPLIST_KEY_UIApplicationSceneManifest_Generation[sdk=iphonesimulator*]" = YES;
				"INFOPLIST_KEY_UIApplicationSupportsIndirectInputEvents[sdk=iphoneos*]" = YES;
				"INFOPLIST_KEY_UIApplicationSupportsIndirectInputEvents[sdk=iphonesimulator*]" = YES;
				"INFOPLIST_KEY_UILaunchScreen_Generation[sdk=iphoneos*]" = YES;
				"INFOPLIST_KEY_UILaunchScreen_Generation[sdk=iphonesimulator*]" = YES;
				"INFOPLIST_KEY_UIStatusBarStyle[sdk=iphoneos*]" = UIStatusBarStyleDefault;
				"INFOPLIST_KEY_UIStatusBarStyle[sdk=iphonesimulator*]" = UIStatusBarStyleDefault;
				INFOPLIST_KEY_UISupportedInterfaceOrientations_iPad = "UIInterfaceOrientationPortrait UIInterfaceOrientationPortraitUpsideDown UIInterfaceOrientationLandscapeLeft UIInterfaceOrientationLandscapeRight";
				INFOPLIST_KEY_UISupportedInterfaceOrientations_iPhone = "UIInterfaceOrientationPortrait UIInterfaceOrientationLandscapeLeft UIInterfaceOrientationLandscapeRight";
				IPHONEOS_DEPLOYMENT_TARGET = 26.0;
				LD_RUNPATH_SEARCH_PATHS = "@executable_path/Frameworks";
				"LD_RUNPATH_SEARCH_PATHS[sdk=macosx*]" = "@executable_path/../Frameworks";
				MACOSX_DEPLOYMENT_TARGET = 26.4;
				MARKETING_VERSION = 1.0;
				PRODUCT_BUNDLE_IDENTIFIER = me.nore.ig.Flux;
				PRODUCT_NAME = "$(TARGET_NAME)";
				REGISTER_APP_GROUPS = YES;
				SDKROOT = auto;
				STRING_CATALOG_GENERATE_SYMBOLS = YES;
				SUPPORTED_PLATFORMS = "iphoneos iphonesimulator macosx xros xrsimulator";
				SWIFT_APPROACHABLE_CONCURRENCY = YES;
				SWIFT_DEFAULT_ACTOR_ISOLATION = MainActor;
				SWIFT_EMIT_LOC_STRINGS = YES;
				SWIFT_UPCOMING_FEATURE_MEMBER_IMPORT_VISIBILITY = YES;
				SWIFT_VERSION = 5.0;
				TARGETED_DEVICE_FAMILY = "1,2,7";
				XROS_DEPLOYMENT_TARGET = 26.4;
			};
			name = Release;
		};
		D4EDCAF02F8FAE60002D980A /* Debug */ = {
			isa = XCBuildConfiguration;
			buildSettings = {
				ALWAYS_SEARCH_USER_PATHS = NO;
				ASSETCATALOG_COMPILER_GENERATE_SWIFT_ASSET_SYMBOL_EXTENSIONS = YES;
				CLANG_ANALYZER_NONNULL = YES;
				CLANG_ANALYZER_NUMBER_OBJECT_CONVERSION = YES_AGGRESSIVE;
				CLANG_CXX_LANGUAGE_STANDARD = "gnu++20";
				CLANG_ENABLE_MODULES = YES;
				CLANG_ENABLE_OBJC_ARC = YES;
				CLANG_ENABLE_OBJC_WEAK = YES;
				CLANG_WARN_BLOCK_CAPTURE_AUTORELEASING = YES;
				CLANG_WARN_BOOL_CONVERSION = YES;
				CLANG_WARN_COMMA = YES;
				CLANG_WARN_CONSTANT_CONVERSION = YES;
				CLANG_WARN_DEPRECATED_OBJC_IMPLEMENTATIONS = YES;
				CLANG_WARN_DIRECT_OBJC_ISA_USAGE = YES_ERROR;
				CLANG_WARN_DOCUMENTATION_COMMENTS = YES;
				CLANG_WARN_EMPTY_BODY = YES;
				CLANG_WARN_ENUM_CONVERSION = YES;
				CLANG_WARN_INFINITE_RECURSION = YES;
				CLANG_WARN_INT_CONVERSION = YES;
				CLANG_WARN_NON_LITERAL_NULL_CONVERSION = YES;
				CLANG_WARN_OBJC_IMPLICIT_RETAIN_SELF = YES;
				CLANG_WARN_OBJC_LITERAL_CONVERSION = YES;
				CLANG_WARN_OBJC_ROOT_CLASS = YES_ERROR;
				CLANG_WARN_QUOTED_INCLUDE_IN_FRAMEWORK_HEADER = YES;
				CLANG_WARN_RANGE_LOOP_ANALYSIS = YES;
				CLANG_WARN_STRICT_PROTOTYPES = YES;
				CLANG_WARN_SUSPICIOUS_MOVE = YES;
				CLANG_WARN_UNGUARDED_AVAILABILITY = YES_AGGRESSIVE;
				CLANG_WARN_UNREACHABLE_CODE = YES;
				CLANG_WARN__DUPLICATE_METHOD_MATCH = YES;
				COPY_PHASE_STRIP = NO;
				DEBUG_INFORMATION_FORMAT = dwarf;
				DEVELOPMENT_TEAM = V24684SCZN;
				ENABLE_STRICT_OBJC_MSGSEND = YES;
				ENABLE_TESTABILITY = YES;
				ENABLE_USER_SCRIPT_SANDBOXING = YES;
				GCC_C_LANGUAGE_STANDARD = gnu17;
				GCC_DYNAMIC_NO_PIC = NO;
				GCC_NO_COMMON_BLOCKS = YES;
				GCC_OPTIMIZATION_LEVEL = 0;
				GCC_PREPROCESSOR_DEFINITIONS = (
					"DEBUG=1",
					"$(inherited)",
				);
				GCC_WARN_64_TO_32_BIT_CONVERSION = YES;
				GCC_WARN_ABOUT_RETURN_TYPE = YES_ERROR;
				GCC_WARN_UNDECLARED_SELECTOR = YES;
				GCC_WARN_UNINITIALIZED_AUTOS = YES_AGGRESSIVE;
				GCC_WARN_UNUSED_FUNCTION = YES;
				GCC_WARN_UNUSED_VARIABLE = YES;
				LOCALIZATION_PREFERS_STRING_CATALOGS = YES;
				MTL_ENABLE_DEBUG_INFO = INCLUDE_SOURCE;
				MTL_FAST_MATH = YES;
				ONLY_ACTIVE_ARCH = YES;
				SWIFT_ACTIVE_COMPILATION_CONDITIONS = "DEBUG $(inherited)";
				SWIFT_OPTIMIZATION_LEVEL = "-Onone";
			};
			name = Debug;
		};
		D4EDCAF12F8FAE60002D980A /* Release */ = {
			isa = XCBuildConfiguration;
			buildSettings = {
				ALWAYS_SEARCH_USER_PATHS = NO;
				ASSETCATALOG_COMPILER_GENERATE_SWIFT_ASSET_SYMBOL_EXTENSIONS = YES;
				CLANG_ANALYZER_NONNULL = YES;
				CLANG_ANALYZER_NUMBER_OBJECT_CONVERSION = YES_AGGRESSIVE;
				CLANG_CXX_LANGUAGE_STANDARD = "gnu++20";
				CLANG_ENABLE_MODULES = YES;
				CLANG_ENABLE_OBJC_ARC = YES;
				CLANG_ENABLE_OBJC_WEAK = YES;
				CLANG_WARN_BLOCK_CAPTURE_AUTORELEASING = YES;
				CLANG_WARN_BOOL_CONVERSION = YES;
				CLANG_WARN_COMMA = YES;
				CLANG_WARN_CONSTANT_CONVERSION = YES;
				CLANG_WARN_DEPRECATED_OBJC_IMPLEMENTATIONS = YES;
				CLANG_WARN_DIRECT_OBJC_ISA_USAGE = YES_ERROR;
				CLANG_WARN_DOCUMENTATION_COMMENTS = YES;
				CLANG_WARN_EMPTY_BODY = YES;
				CLANG_WARN_ENUM_CONVERSION = YES;
				CLANG_WARN_INFINITE_RECURSION = YES;
				CLANG_WARN_INT_CONVERSION = YES;
				CLANG_WARN_NON_LITERAL_NULL_CONVERSION = YES;
				CLANG_WARN_OBJC_IMPLICIT_RETAIN_SELF = YES;
				CLANG_WARN_OBJC_LITERAL_CONVERSION = YES;
				CLANG_WARN_OBJC_ROOT_CLASS = YES_ERROR;
				CLANG_WARN_QUOTED_INCLUDE_IN_FRAMEWORK_HEADER = YES;
				CLANG_WARN_RANGE_LOOP_ANALYSIS = YES;
				CLANG_WARN_STRICT_PROTOTYPES = YES;
				CLANG_WARN_SUSPICIOUS_MOVE = YES;
				CLANG_WARN_UNGUARDED_AVAILABILITY = YES_AGGRESSIVE;
				CLANG_WARN_UNREACHABLE_CODE = YES;
				CLANG_WARN__DUPLICATE_METHOD_MATCH = YES;
				COPY_PHASE_STRIP = NO;
				DEBUG_INFORMATION_FORMAT = "dwarf-with-dsym";
				DEVELOPMENT_TEAM = V24684SCZN;
				ENABLE_NS_ASSERTIONS = NO;
				ENABLE_STRICT_OBJC_MSGSEND = YES;
				ENABLE_USER_SCRIPT_SANDBOXING = YES;
				GCC_C_LANGUAGE_STANDARD = gnu17;
				GCC_NO_COMMON_BLOCKS = YES;
				GCC_WARN_64_TO_32_BIT_CONVERSION = YES;
				GCC_WARN_ABOUT_RETURN_TYPE = YES_ERROR;
				GCC_WARN_UNDECLARED_SELECTOR = YES;
				GCC_WARN_UNINITIALIZED_AUTOS = YES_AGGRESSIVE;
				GCC_WARN_UNUSED_FUNCTION = YES;
				GCC_WARN_UNUSED_VARIABLE = YES;
				LOCALIZATION_PREFERS_STRING_CATALOGS = YES;
				MTL_ENABLE_DEBUG_INFO = NO;
				MTL_FAST_MATH = YES;
				SWIFT_COMPILATION_MODE = wholemodule;
			};
			name = Release;
		};
		D4EDCAF32F8FAE60002D980A /* Debug */ = {
			isa = XCBuildConfiguration;
			buildSettings = {
				BUNDLE_LOADER = "$(TEST_HOST)";
				CODE_SIGN_STYLE = Automatic;
				CURRENT_PROJECT_VERSION = 1;
				DEVELOPMENT_TEAM = V24684SCZN;
				GENERATE_INFOPLIST_FILE = YES;
				IPHONEOS_DEPLOYMENT_TARGET = 26.0;
				MACOSX_DEPLOYMENT_TARGET = 26.4;
				MARKETING_VERSION = 1.0;
				PRODUCT_BUNDLE_IDENTIFIER = me.nore.ig.FluxTests;
				PRODUCT_NAME = "$(TARGET_NAME)";
				SDKROOT = auto;
				STRING_CATALOG_GENERATE_SYMBOLS = NO;
				SUPPORTED_PLATFORMS = "iphoneos iphonesimulator macosx xros xrsimulator";
				SWIFT_APPROACHABLE_CONCURRENCY = YES;
				SWIFT_EMIT_LOC_STRINGS = NO;
				SWIFT_UPCOMING_FEATURE_MEMBER_IMPORT_VISIBILITY = YES;
				SWIFT_VERSION = 5.0;
				TARGETED_DEVICE_FAMILY = "1,2,7";
				TEST_HOST = "$(BUILT_PRODUCTS_DIR)/Flux.app/$(BUNDLE_EXECUTABLE_FOLDER_PATH)/Flux";
				XROS_DEPLOYMENT_TARGET = 26.4;
			};
			name = Debug;
		};
		D4EDCAF42F8FAE60002D980A /* Release */ = {
			isa = XCBuildConfiguration;
			buildSettings = {
				BUNDLE_LOADER = "$(TEST_HOST)";
				CODE_SIGN_STYLE = Automatic;
				CURRENT_PROJECT_VERSION = 1;
				DEVELOPMENT_TEAM = V24684SCZN;
				GENERATE_INFOPLIST_FILE = YES;
				IPHONEOS_DEPLOYMENT_TARGET = 26.0;
				MACOSX_DEPLOYMENT_TARGET = 26.4;
				MARKETING_VERSION = 1.0;
				PRODUCT_BUNDLE_IDENTIFIER = me.nore.ig.FluxTests;
				PRODUCT_NAME = "$(TARGET_NAME)";
				SDKROOT = auto;
				STRING_CATALOG_GENERATE_SYMBOLS = NO;
				SUPPORTED_PLATFORMS = "iphoneos iphonesimulator macosx xros xrsimulator";
				SWIFT_APPROACHABLE_CONCURRENCY = YES;
				SWIFT_EMIT_LOC_STRINGS = NO;
				SWIFT_UPCOMING_FEATURE_MEMBER_IMPORT_VISIBILITY = YES;
				SWIFT_VERSION = 5.0;
				TARGETED_DEVICE_FAMILY = "1,2,7";
				TEST_HOST = "$(BUILT_PRODUCTS_DIR)/Flux.app/$(BUNDLE_EXECUTABLE_FOLDER_PATH)/Flux";
				XROS_DEPLOYMENT_TARGET = 26.4;
			};
			name = Release;
		};
		D4EDCAF62F8FAE60002D980A /* Debug */ = {
			isa = XCBuildConfiguration;
			buildSettings = {
				CODE_SIGN_STYLE = Automatic;
				CURRENT_PROJECT_VERSION = 1;
				DEVELOPMENT_TEAM = V24684SCZN;
				GENERATE_INFOPLIST_FILE = YES;
				IPHONEOS_DEPLOYMENT_TARGET = 26.0;
				MACOSX_DEPLOYMENT_TARGET = 26.4;
				MARKETING_VERSION = 1.0;
				PRODUCT_BUNDLE_IDENTIFIER = me.nore.ig.FluxUITests;
				PRODUCT_NAME = "$(TARGET_NAME)";
				SDKROOT = auto;
				STRING_CATALOG_GENERATE_SYMBOLS = NO;
				SUPPORTED_PLATFORMS = "iphoneos iphonesimulator macosx xros xrsimulator";
				SWIFT_APPROACHABLE_CONCURRENCY = YES;
				SWIFT_EMIT_LOC_STRINGS = NO;
				SWIFT_UPCOMING_FEATURE_MEMBER_IMPORT_VISIBILITY = YES;
				SWIFT_VERSION = 5.0;
				TARGETED_DEVICE_FAMILY = "1,2,7";
				TEST_TARGET_NAME = Flux;
				XROS_DEPLOYMENT_TARGET = 26.4;
			};
			name = Debug;
		};
		D4EDCAF72F8FAE60002D980A /* Release */ = {
			isa = XCBuildConfiguration;
			buildSettings = {
				CODE_SIGN_STYLE = Automatic;
				CURRENT_PROJECT_VERSION = 1;
				DEVELOPMENT_TEAM = V24684SCZN;
				GENERATE_INFOPLIST_FILE = YES;
				IPHONEOS_DEPLOYMENT_TARGET = 26.0;
				MACOSX_DEPLOYMENT_TARGET = 26.4;
				MARKETING_VERSION = 1.0;
				PRODUCT_BUNDLE_IDENTIFIER = me.nore.ig.FluxUITests;
				PRODUCT_NAME = "$(TARGET_NAME)";
				SDKROOT = auto;
				STRING_CATALOG_GENERATE_SYMBOLS = NO;
				SUPPORTED_PLATFORMS = "iphoneos iphonesimulator macosx xros xrsimulator";
				SWIFT_APPROACHABLE_CONCURRENCY = YES;
				SWIFT_EMIT_LOC_STRINGS = NO;
				SWIFT_UPCOMING_FEATURE_MEMBER_IMPORT_VISIBILITY = YES;
				SWIFT_VERSION = 5.0;
				TARGETED_DEVICE_FAMILY = "1,2,7";
				TEST_TARGET_NAME = Flux;
				XROS_DEPLOYMENT_TARGET = 26.4;
			};
			name = Release;
		};
		D4EDCCF62F9648E6002D980A /* Debug */ = {
			isa = XCBuildConfiguration;
			buildSettings = {
				ASSETCATALOG_COMPILER_GLOBAL_ACCENT_COLOR_NAME = AccentColor;
				ASSETCATALOG_COMPILER_WIDGET_BACKGROUND_COLOR_NAME = WidgetBackground;
				CODE_SIGN_ENTITLEMENTS = FluxWidgetsExtension.entitlements;
				CODE_SIGN_STYLE = Automatic;
				CURRENT_PROJECT_VERSION = 1;
				DEVELOPMENT_TEAM = V24684SCZN;
				GENERATE_INFOPLIST_FILE = YES;
				INFOPLIST_FILE = FluxWidgets/Info.plist;
				INFOPLIST_KEY_CFBundleDisplayName = FluxWidgets;
				INFOPLIST_KEY_NSHumanReadableCopyright = "";
				IPHONEOS_DEPLOYMENT_TARGET = 26.4;
				LD_RUNPATH_SEARCH_PATHS = (
					"$(inherited)",
					"@executable_path/Frameworks",
					"@executable_path/../../Frameworks",
				);
				MARKETING_VERSION = 1.0;
				PRODUCT_BUNDLE_IDENTIFIER = me.nore.ig.Flux.FluxWidgets;
				PRODUCT_NAME = "$(TARGET_NAME)";
				SDKROOT = iphoneos;
				SKIP_INSTALL = YES;
				STRING_CATALOG_GENERATE_SYMBOLS = YES;
				SWIFT_APPROACHABLE_CONCURRENCY = YES;
				SWIFT_EMIT_LOC_STRINGS = YES;
				SWIFT_UPCOMING_FEATURE_MEMBER_IMPORT_VISIBILITY = YES;
				SWIFT_VERSION = 5.0;
				TARGETED_DEVICE_FAMILY = "1,2";
			};
			name = Debug;
		};
		D4EDCCF72F9648E6002D980A /* Release */ = {
			isa = XCBuildConfiguration;
			buildSettings = {
				ASSETCATALOG_COMPILER_GLOBAL_ACCENT_COLOR_NAME = AccentColor;
				ASSETCATALOG_COMPILER_WIDGET_BACKGROUND_COLOR_NAME = WidgetBackground;
				CODE_SIGN_ENTITLEMENTS = FluxWidgetsExtension.entitlements;
				CODE_SIGN_STYLE = Automatic;
				CURRENT_PROJECT_VERSION = 1;
				DEVELOPMENT_TEAM = V24684SCZN;
				GENERATE_INFOPLIST_FILE = YES;
				INFOPLIST_FILE = FluxWidgets/Info.plist;
				INFOPLIST_KEY_CFBundleDisplayName = FluxWidgets;
				INFOPLIST_KEY_NSHumanReadableCopyright = "";
				IPHONEOS_DEPLOYMENT_TARGET = 26.4;
				LD_RUNPATH_SEARCH_PATHS = (
					"$(inherited)",
					"@executable_path/Frameworks",
					"@executable_path/../../Frameworks",
				);
				MARKETING_VERSION = 1.0;
				PRODUCT_BUNDLE_IDENTIFIER = me.nore.ig.Flux.FluxWidgets;
				PRODUCT_NAME = "$(TARGET_NAME)";
				SDKROOT = iphoneos;
				SKIP_INSTALL = YES;
				STRING_CATALOG_GENERATE_SYMBOLS = YES;
				SWIFT_APPROACHABLE_CONCURRENCY = YES;
				SWIFT_EMIT_LOC_STRINGS = YES;
				SWIFT_UPCOMING_FEATURE_MEMBER_IMPORT_VISIBILITY = YES;
				SWIFT_VERSION = 5.0;
				TARGETED_DEVICE_FAMILY = "1,2";
				VALIDATE_PRODUCT = YES;
			};
			name = Release;
		};
/* End XCBuildConfiguration section */

/* Begin XCConfigurationList section */
		D4EDCAC42F8FAE5E002D980A /* Build configuration list for PBXProject "Flux" */ = {
			isa = XCConfigurationList;
			buildConfigurations = (
				D4EDCAF02F8FAE60002D980A /* Debug */,
				D4EDCAF12F8FAE60002D980A /* Release */,
			);
			defaultConfigurationIsVisible = 0;
			defaultConfigurationName = Release;
		};
		D4EDCAED2F8FAE60002D980A /* Build configuration list for PBXNativeTarget "Flux" */ = {
			isa = XCConfigurationList;
			buildConfigurations = (
				D4EDCAEE2F8FAE60002D980A /* Debug */,
				D4EDCAEF2F8FAE60002D980A /* Release */,
			);
			defaultConfigurationIsVisible = 0;
			defaultConfigurationName = Release;
		};
		D4EDCAF22F8FAE60002D980A /* Build configuration list for PBXNativeTarget "FluxTests" */ = {
			isa = XCConfigurationList;
			buildConfigurations = (
				D4EDCAF32F8FAE60002D980A /* Debug */,
				D4EDCAF42F8FAE60002D980A /* Release */,
			);
			defaultConfigurationIsVisible = 0;
			defaultConfigurationName = Release;
		};
		D4EDCAF52F8FAE60002D980A /* Build configuration list for PBXNativeTarget "FluxUITests" */ = {
			isa = XCConfigurationList;
			buildConfigurations = (
				D4EDCAF62F8FAE60002D980A /* Debug */,
				D4EDCAF72F8FAE60002D980A /* Release */,
			);
			defaultConfigurationIsVisible = 0;
			defaultConfigurationName = Release;
		};
		D4EDCCF52F9648E6002D980A /* Build configuration list for PBXNativeTarget "FluxWidgetsExtension" */ = {
			isa = XCConfigurationList;
			buildConfigurations = (
				D4EDCCF62F9648E6002D980A /* Debug */,
				D4EDCCF72F9648E6002D980A /* Release */,
			);
			defaultConfigurationIsVisible = 0;
			defaultConfigurationName = Release;
		};
/* End XCConfigurationList section */

/* Begin XCLocalSwiftPackageReference section */
		D4EDCC452F9643B4002D980A /* XCLocalSwiftPackageReference "Packages/FluxCore" */ = {
			isa = XCLocalSwiftPackageReference;
			relativePath = Packages/FluxCore;
		};
/* End XCLocalSwiftPackageReference section */

/* Begin XCSwiftPackageProductDependency section */
		D4EDCC462F9643B4002D980A /* FluxCore */ = {
			isa = XCSwiftPackageProductDependency;
			productName = FluxCore;
		};
		D4EDCC492F9643D0002D980A /* FluxCore */ = {
			isa = XCSwiftPackageProductDependency;
			package = D4EDCC452F9643B4002D980A /* XCLocalSwiftPackageReference "Packages/FluxCore" */;
			productName = FluxCore;
		};
		D4EDCD052F9648EE002D980A /* FluxCore */ = {
			isa = XCSwiftPackageProductDependency;
			package = D4EDCC452F9643B4002D980A /* XCLocalSwiftPackageReference "Packages/FluxCore" */;
			productName = FluxCore;
		};
/* End XCSwiftPackageProductDependency section */
	};
	rootObject = D4EDCAC12F8FAE5E002D980A /* Project object */;
}
